
Microsoft Visual Studio Solution File, Format Version 12.00
# Visual Studio Version 16
VisualStudioVersion = 16.0.30717.126
MinimumVisualStudioVersion = 10.0.40219.1
Project("{FAE04EC0-301F-11D3-BF4B-00C04F79EFBC}") = "MorzeOrai", "MorzeOrai\MorzeOrai.csproj", "{73781415-29CC-48C0-BEAF-892D6938BC79}"
EndProject
Global
	GlobalSection(SolutionConfigurationPlatforms) = preSolution
		Debug|Any CPU = Debug|Any CPU
		Release|Any CPU = Release|Any CPU
	EndGlobalSection
	GlobalSection(ProjectConfigurationPlatforms) = postSolution
		{73781415-29CC-48C0-BEAF-892D6938BC79}.Debug|Any CPU.ActiveCfg = Debug|Any CPU
		{73781415-29CC-48C0-BEAF-892D6938BC79}.Debug|Any CPU.Build.0 = Debug|Any CPU
		{73781415-29CC-48C0-BEAF-892D6938BC79}.Release|Any CPU.ActiveCfg = Release|Any CPU
		{73781415-29CC-48C0-BEAF-892D6938BC79}.Release|Any CPU.Build.0 = Release|Any CPU
	EndGlobalSection
	GlobalSection(SolutionProperties) = preSolution
		HideSolutionNode = FALSE
	EndGlobalSection
	GlobalSection(ExtensibilityGlobals) = postSolution
		SolutionGuid = {243AE773-0A79-4A8F-B5F8-FF92C5096037}
	EndGlobalSection
EndGlobal
